
Microsoft Visual Studio Solution File, Format Version 12.00
# Visual Studio Version 16
VisualStudioVersion = 16.0.31613.86
MinimumVisualStudioVersion = 10.0.40219.1
Project("{8BC9CEB8-8B4A-11D0-8D11-00A0C91BC942}") = "program_week_6_find_frog_word", "program_week_6_find_frog_word\program_week_6_find_frog_word.vcxproj", "{ABBF78B3-0BC2-4EE9-925D-48277FD0489C}"
EndProject
Global
	GlobalSection(SolutionConfigurationPlatforms) = preSolution
		Debug|x64 = Debug|x64
		Debug|x86 = Debug|x86
		Release|x64 = Release|x64
		Release|x86 = Release|x86
	EndGlobalSection
	GlobalSection(ProjectConfigurationPlatforms) = postSolution
		{ABBF78B3-0BC2-4EE9-925D-48277FD0489C}.Debug|x64.ActiveCfg = Debug|x64
		{ABBF78B3-0BC2-4EE9-925D-48277FD0489C}.Debug|x64.Build.0 = Debug|x64
		{ABBF78B3-0BC2-4EE9-925D-48277FD0489C}.Debug|x86.ActiveCfg = Debug|Win32
		{ABBF78B3-0BC2-4EE9-925D-48277FD0489C}.Debug|x86.Build.0 = Debug|Win32
		{ABBF78B3-0BC2-4EE9-925D-48277FD0489C}.Release|x64.ActiveCfg = Release|x64
		{ABBF78B3-0BC2-4EE9-925D-48277FD0489C}.Release|x64.Build.0 = Release|x64
		{ABBF78B3-0BC2-4EE9-925D-48277FD0489C}.Release|x86.ActiveCfg = Release|Win32
		{ABBF78B3-0BC2-4EE9-925D-48277FD0489C}.Release|x86.Build.0 = Release|Win32
	EndGlobalSection
	GlobalSection(SolutionProperties) = preSolution
		HideSolutionNode = FALSE
	EndGlobalSection
	GlobalSection(ExtensibilityGlobals) = postSolution
		SolutionGuid = {448756A3-6D7F-46F4-A062-6A0DF3FA48C5}
	EndGlobalSection
EndGlobal
